
Microsoft Visual Studio Solution File, Format Version 12.00
# Visual Studio Version 17
VisualStudioVersion = 17.1.32407.343
MinimumVisualStudioVersion = 10.0.40219.1
Project("{FAE04EC0-301F-11D3-BF4B-00C04F79EFBC}") = "PlaceholderAPI", "PlaceholderAPI\PlaceholderAPI.csproj", "{37AAB103-6ADD-4CB2-88B1-FC15C95D102E}"
EndProject
Global
	GlobalSection(SolutionConfigurationPlatforms) = preSolution
		Debug|Any CPU = Debug|Any CPU
		Release|Any CPU = Release|Any CPU
	EndGlobalSection
	GlobalSection(ProjectConfigurationPlatforms) = postSolution
		{37AAB103-6ADD-4CB2-88B1-FC15C95D102E}.Debug|Any CPU.ActiveCfg = Debug|Any CPU
		{37AAB103-6ADD-4CB2-88B1-FC15C95D102E}.Debug|Any CPU.Build.0 = Debug|Any CPU
		{37AAB103-6ADD-4CB2-88B1-FC15C95D102E}.Release|Any CPU.ActiveCfg = Release|Any CPU
		{37AAB103-6ADD-4CB2-88B1-FC15C95D102E}.Release|Any CPU.Build.0 = Release|Any CPU
	EndGlobalSection
	GlobalSection(SolutionProperties) = preSolution
		HideSolutionNode = FALSE
	EndGlobalSection
	GlobalSection(ExtensibilityGlobals) = postSolution
		SolutionGuid = {040CBD68-50F5-4C7B-A4F2-9A57C8E7369B}
	EndGlobalSection
EndGlobal
